
Microsoft Visual Studio Solution File, Format Version 12.00
# Visual Studio Version 17
VisualStudioVersion = 17.4.33205.214
MinimumVisualStudioVersion = 10.0.40219.1
Project("{FAE04EC0-301F-11D3-BF4B-00C04F79EFBC}") = "MineSweeper", "MineSweeper.csproj", "{643FCF7A-5C25-4F57-80A7-35D58A29D584}"
EndProject
Global
	GlobalSection(SolutionConfigurationPlatforms) = preSolution
		Debug|Any CPU = Debug|Any CPU
		Release|Any CPU = Release|Any CPU
	EndGlobalSection
	GlobalSection(ProjectConfigurationPlatforms) = postSolution
		{643FCF7A-5C25-4F57-80A7-35D58A29D584}.Debug|Any CPU.ActiveCfg = Debug|Any CPU
		{643FCF7A-5C25-4F57-80A7-35D58A29D584}.Debug|Any CPU.Build.0 = Debug|Any CPU
		{643FCF7A-5C25-4F57-80A7-35D58A29D584}.Release|Any CPU.ActiveCfg = Release|Any CPU
		{643FCF7A-5C25-4F57-80A7-35D58A29D584}.Release|Any CPU.Build.0 = Release|Any CPU
	EndGlobalSection
	GlobalSection(SolutionProperties) = preSolution
		HideSolutionNode = FALSE
	EndGlobalSection
	GlobalSection(ExtensibilityGlobals) = postSolution
		SolutionGuid = {1A41F46C-3577-4008-8E44-2C72F3DD05C3}
	EndGlobalSection
EndGlobal
